// !$*UTF8*$!
{
	archiveVersion = 1;
	classes = {
	};
	objectVersion = 55;
	objects = {

/* Begin PBXBuildFile section */
		0EEB495B2DEF54BEE5209240 /* Pods_WeatherSearcherTests.framework in Frameworks */ = {isa = PBXBuildFile; fileRef = F72AC46058F2A76637A113F0 /* Pods_WeatherSearcherTests.framework */; };
		7348A3F027DF9DC90091D559 /* AppDelegate.swift in Sources */ = {isa = PBXBuildFile; fileRef = 7348A3EF27DF9DC90091D559 /* AppDelegate.swift */; };
		7348A3F427DF9DC90091D559 /* SearcherCitiesViewController.swift in Sources */ = {isa = PBXBuildFile; fileRef = 7348A3F327DF9DC90091D559 /* SearcherCitiesViewController.swift */; };
		7348A3F927DF9DD00091D559 /* Assets.xcassets in Resources */ = {isa = PBXBuildFile; fileRef = 7348A3F827DF9DD00091D559 /* Assets.xcassets */; };
		7348A3FC27DF9DD00091D559 /* LaunchScreen.storyboard in Resources */ = {isa = PBXBuildFile; fileRef = 7348A3FA27DF9DD00091D559 /* LaunchScreen.storyboard */; };
		7348A40727DF9DD10091D559 /* WeatherSearcherTests.swift in Sources */ = {isa = PBXBuildFile; fileRef = 7348A40627DF9DD10091D559 /* WeatherSearcherTests.swift */; };
		7348A41127DF9DD10091D559 /* WeatherSearcherUITests.swift in Sources */ = {isa = PBXBuildFile; fileRef = 7348A41027DF9DD10091D559 /* WeatherSearcherUITests.swift */; };
		7348A41327DF9DD10091D559 /* WeatherSearcherUITestsLaunchTests.swift in Sources */ = {isa = PBXBuildFile; fileRef = 7348A41227DF9DD10091D559 /* WeatherSearcherUITestsLaunchTests.swift */; };
		7348A42A27DFA50C0091D559 /* WeatherRepository.swift in Sources */ = {isa = PBXBuildFile; fileRef = 7348A42927DFA50C0091D559 /* WeatherRepository.swift */; };
		7348A42C27DFB2490091D559 /* CitiesEntity.swift in Sources */ = {isa = PBXBuildFile; fileRef = 7348A42B27DFB2490091D559 /* CitiesEntity.swift */; };
		7348A42E27DFB2950091D559 /* CityEntity.swift in Sources */ = {isa = PBXBuildFile; fileRef = 7348A42D27DFB2950091D559 /* CityEntity.swift */; };
		7348A43627DFCBA50091D559 /* CityDTO.swift in Sources */ = {isa = PBXBuildFile; fileRef = 7348A43527DFCBA50091D559 /* CityDTO.swift */; };
		7348A43A27DFD77C0091D559 /* CityDetailsEntity.swift in Sources */ = {isa = PBXBuildFile; fileRef = 7348A43927DFD77C0091D559 /* CityDetailsEntity.swift */; };
		7348A43C27DFDA8C0091D559 /* CityDetailsDTO.swift in Sources */ = {isa = PBXBuildFile; fileRef = 7348A43B27DFDA8C0091D559 /* CityDetailsDTO.swift */; };
		7348A44027DFDD540091D559 /* ConsolidatedWeatherDTO.swift in Sources */ = {isa = PBXBuildFile; fileRef = 7348A43F27DFDD540091D559 /* ConsolidatedWeatherDTO.swift */; };
		7348A44427DFEA8D0091D559 /* SearchCityUseCase.swift in Sources */ = {isa = PBXBuildFile; fileRef = 7348A44327DFEA8D0091D559 /* SearchCityUseCase.swift */; };
		7348A44627DFEC060091D559 /* CitiesRepositoryProtocol.swift in Sources */ = {isa = PBXBuildFile; fileRef = 7348A44527DFEC060091D559 /* CitiesRepositoryProtocol.swift */; };
		7348A44927DFEDA80091D559 /* ResolverExtension.swift in Sources */ = {isa = PBXBuildFile; fileRef = 7348A44827DFEDA80091D559 /* ResolverExtension.swift */; };
		7348A44B27DFEF8A0091D559 /* GetCityDetailsUseCase.swift in Sources */ = {isa = PBXBuildFile; fileRef = 7348A44A27DFEF8A0091D559 /* GetCityDetailsUseCase.swift */; };
		7348A44D27DFF8E70091D559 /* Constants.swift in Sources */ = {isa = PBXBuildFile; fileRef = 7348A44C27DFF8E70091D559 /* Constants.swift */; };
		7348A45127E0039C0091D559 /* SearchView.swift in Sources */ = {isa = PBXBuildFile; fileRef = 7348A45027E0039C0091D559 /* SearchView.swift */; };
		7348A45327E021110091D559 /* SearcherCitiesViewModel.swift in Sources */ = {isa = PBXBuildFile; fileRef = 7348A45227E021110091D559 /* SearcherCitiesViewModel.swift */; };
		7348A45527E036D90091D559 /* CitiesCell.swift in Sources */ = {isa = PBXBuildFile; fileRef = 7348A45427E036D90091D559 /* CitiesCell.swift */; };
		7348A45727E0BCA70091D559 /* CityDetailsViewController.swift in Sources */ = {isa = PBXBuildFile; fileRef = 7348A45627E0BCA70091D559 /* CityDetailsViewController.swift */; };
		7348A45C27E0DE540091D559 /* ShowCityDeatilsEntity.swift in Sources */ = {isa = PBXBuildFile; fileRef = 7348A45B27E0DE540091D559 /* ShowCityDeatilsEntity.swift */; };
		7348A46027E121AF0091D559 /* DetailsCell.swift in Sources */ = {isa = PBXBuildFile; fileRef = 7348A45F27E121AF0091D559 /* DetailsCell.swift */; };
		7348A46227E13CC60091D559 /* SaveFavoritesUseCase.swift in Sources */ = {isa = PBXBuildFile; fileRef = 7348A46127E13CC60091D559 /* SaveFavoritesUseCase.swift */; };
		7348A46427E13D900091D559 /* UserDefaultsRepository.swift in Sources */ = {isa = PBXBuildFile; fileRef = 7348A46327E13D900091D559 /* UserDefaultsRepository.swift */; };
		7348A46627E13DB70091D559 /* UserDefaultsRepositoryProtocol.swift in Sources */ = {isa = PBXBuildFile; fileRef = 7348A46527E13DB70091D559 /* UserDefaultsRepositoryProtocol.swift */; };
		7348A46827E13F310091D559 /* DeleteFavoritesUseCase.swift in Sources */ = {isa = PBXBuildFile; fileRef = 7348A46727E13F310091D559 /* DeleteFavoritesUseCase.swift */; };
		7348A46A27E13FB60091D559 /* GetFavoritesUseCase.swift in Sources */ = {isa = PBXBuildFile; fileRef = 7348A46927E13FB60091D559 /* GetFavoritesUseCase.swift */; };
		BAC2C525687E99F9F2B6876C /* Pods_WeatherSearcher_WeatherSearcherUITests.framework in Frameworks */ = {isa = PBXBuildFile; fileRef = 024330BB7AE35958746E3EFB /* Pods_WeatherSearcher_WeatherSearcherUITests.framework */; };
		F295224FAC3289F34373A26F /* Pods_WeatherSearcher.framework in Frameworks */ = {isa = PBXBuildFile; fileRef = C8F53E1A21051A6E6A70921E /* Pods_WeatherSearcher.framework */; };
/* End PBXBuildFile section */

/* Begin PBXContainerItemProxy section */
		7348A40327DF9DD10091D559 /* PBXContainerItemProxy */ = {
			isa = PBXContainerItemProxy;
			containerPortal = 7348A3E427DF9DC90091D559 /* Project object */;
			proxyType = 1;
			remoteGlobalIDString = 7348A3EB27DF9DC90091D559;
			remoteInfo = WeatherSearcher;
		};
		7348A40D27DF9DD10091D559 /* PBXContainerItemProxy */ = {
			isa = PBXContainerItemProxy;
			containerPortal = 7348A3E427DF9DC90091D559 /* Project object */;
			proxyType = 1;
			remoteGlobalIDString = 7348A3EB27DF9DC90091D559;
			remoteInfo = WeatherSearcher;
		};
/* End PBXContainerItemProxy section */

/* Begin PBXFileReference section */
		024330BB7AE35958746E3EFB /* Pods_WeatherSearcher_WeatherSearcherUITests.framework */ = {isa = PBXFileReference; explicitFileType = wrapper.framework; includeInIndex = 0; path = Pods_WeatherSearcher_WeatherSearcherUITests.framework; sourceTree = BUILT_PRODUCTS_DIR; };
		3AED4FBC7D6423D0F147AC21 /* Pods-WeatherSearcherTests.release.xcconfig */ = {isa = PBXFileReference; includeInIndex = 1; lastKnownFileType = text.xcconfig; name = "Pods-WeatherSearcherTests.release.xcconfig"; path = "Target Support Files/Pods-WeatherSearcherTests/Pods-WeatherSearcherTests.release.xcconfig"; sourceTree = "<group>"; };
		3F7B91C5B339C554BFB3EA4B /* Pods-WeatherSearcherTests.debug.xcconfig */ = {isa = PBXFileReference; includeInIndex = 1; lastKnownFileType = text.xcconfig; name = "Pods-WeatherSearcherTests.debug.xcconfig"; path = "Target Support Files/Pods-WeatherSearcherTests/Pods-WeatherSearcherTests.debug.xcconfig"; sourceTree = "<group>"; };
		4D95084CB471EE921D96291E /* Pods-WeatherSearcher-WeatherSearcherUITests.debug.xcconfig */ = {isa = PBXFileReference; includeInIndex = 1; lastKnownFileType = text.xcconfig; name = "Pods-WeatherSearcher-WeatherSearcherUITests.debug.xcconfig"; path = "Target Support Files/Pods-WeatherSearcher-WeatherSearcherUITests/Pods-WeatherSearcher-WeatherSearcherUITests.debug.xcconfig"; sourceTree = "<group>"; };
		5AACFF17BEC24FC893AD82B2 /* Pods-WeatherSearcher.debug.xcconfig */ = {isa = PBXFileReference; includeInIndex = 1; lastKnownFileType = text.xcconfig; name = "Pods-WeatherSearcher.debug.xcconfig"; path = "Target Support Files/Pods-WeatherSearcher/Pods-WeatherSearcher.debug.xcconfig"; sourceTree = "<group>"; };
		6C0639C7EEC017077FDB6ACF /* Pods-WeatherSearcher.release.xcconfig */ = {isa = PBXFileReference; includeInIndex = 1; lastKnownFileType = text.xcconfig; name = "Pods-WeatherSearcher.release.xcconfig"; path = "Target Support Files/Pods-WeatherSearcher/Pods-WeatherSearcher.release.xcconfig"; sourceTree = "<group>"; };
		7348A3EC27DF9DC90091D559 /* WeatherSearcher.app */ = {isa = PBXFileReference; explicitFileType = wrapper.application; includeInIndex = 0; path = WeatherSearcher.app; sourceTree = BUILT_PRODUCTS_DIR; };
		7348A3EF27DF9DC90091D559 /* AppDelegate.swift */ = {isa = PBXFileReference; lastKnownFileType = sourcecode.swift; path = AppDelegate.swift; sourceTree = "<group>"; };
		7348A3F327DF9DC90091D559 /* SearcherCitiesViewController.swift */ = {isa = PBXFileReference; lastKnownFileType = sourcecode.swift; path = SearcherCitiesViewController.swift; sourceTree = "<group>"; };
		7348A3F827DF9DD00091D559 /* Assets.xcassets */ = {isa = PBXFileReference; lastKnownFileType = folder.assetcatalog; path = Assets.xcassets; sourceTree = "<group>"; };
		7348A3FB27DF9DD00091D559 /* Base */ = {isa = PBXFileReference; lastKnownFileType = file.storyboard; name = Base; path = Base.lproj/LaunchScreen.storyboard; sourceTree = "<group>"; };
		7348A3FD27DF9DD00091D559 /* Info.plist */ = {isa = PBXFileReference; lastKnownFileType = text.plist.xml; path = Info.plist; sourceTree = "<group>"; };
		7348A40227DF9DD10091D559 /* WeatherSearcherTests.xctest */ = {isa = PBXFileReference; explicitFileType = wrapper.cfbundle; includeInIndex = 0; path = WeatherSearcherTests.xctest; sourceTree = BUILT_PRODUCTS_DIR; };
		7348A40627DF9DD10091D559 /* WeatherSearcherTests.swift */ = {isa = PBXFileReference; lastKnownFileType = sourcecode.swift; path = WeatherSearcherTests.swift; sourceTree = "<group>"; };
		7348A40C27DF9DD10091D559 /* WeatherSearcherUITests.xctest */ = {isa = PBXFileReference; explicitFileType = wrapper.cfbundle; includeInIndex = 0; path = WeatherSearcherUITests.xctest; sourceTree = BUILT_PRODUCTS_DIR; };
		7348A41027DF9DD10091D559 /* WeatherSearcherUITests.swift */ = {isa = PBXFileReference; lastKnownFileType = sourcecode.swift; path = WeatherSearcherUITests.swift; sourceTree = "<group>"; };
		7348A41227DF9DD10091D559 /* WeatherSearcherUITestsLaunchTests.swift */ = {isa = PBXFileReference; lastKnownFileType = sourcecode.swift; path = WeatherSearcherUITestsLaunchTests.swift; sourceTree = "<group>"; };
		7348A42927DFA50C0091D559 /* WeatherRepository.swift */ = {isa = PBXFileReference; lastKnownFileType = sourcecode.swift; path = WeatherRepository.swift; sourceTree = "<group>"; };
		7348A42B27DFB2490091D559 /* CitiesEntity.swift */ = {isa = PBXFileReference; lastKnownFileType = sourcecode.swift; path = CitiesEntity.swift; sourceTree = "<group>"; };
		7348A42D27DFB2950091D559 /* CityEntity.swift */ = {isa = PBXFileReference; lastKnownFileType = sourcecode.swift; path = CityEntity.swift; sourceTree = "<group>"; };
		7348A43527DFCBA50091D559 /* CityDTO.swift */ = {isa = PBXFileReference; fileEncoding = 4; lastKnownFileType = sourcecode.swift; path = CityDTO.swift; sourceTree = "<group>"; };
		7348A43927DFD77C0091D559 /* CityDetailsEntity.swift */ = {isa = PBXFileReference; lastKnownFileType = sourcecode.swift; path = CityDetailsEntity.swift; sourceTree = "<group>"; };
		7348A43B27DFDA8C0091D559 /* CityDetailsDTO.swift */ = {isa = PBXFileReference; lastKnownFileType = sourcecode.swift; path = CityDetailsDTO.swift; sourceTree = "<group>"; };
		7348A43F27DFDD540091D559 /* ConsolidatedWeatherDTO.swift */ = {isa = PBXFileReference; lastKnownFileType = sourcecode.swift; path = ConsolidatedWeatherDTO.swift; sourceTree = "<group>"; };
		7348A44327DFEA8D0091D559 /* SearchCityUseCase.swift */ = {isa = PBXFileReference; lastKnownFileType = sourcecode.swift; path = SearchCityUseCase.swift; sourceTree = "<group>"; };
		7348A44527DFEC060091D559 /* CitiesRepositoryProtocol.swift */ = {isa = PBXFileReference; lastKnownFileType = sourcecode.swift; path = CitiesRepositoryProtocol.swift; sourceTree = "<group>"; };
		7348A44827DFEDA80091D559 /* ResolverExtension.swift */ = {isa = PBXFileReference; lastKnownFileType = sourcecode.swift; path = ResolverExtension.swift; sourceTree = "<group>"; };
		7348A44A27DFEF8A0091D559 /* GetCityDetailsUseCase.swift */ = {isa = PBXFileReference; lastKnownFileType = sourcecode.swift; path = GetCityDetailsUseCase.swift; sourceTree = "<group>"; };
		7348A44C27DFF8E70091D559 /* Constants.swift */ = {isa = PBXFileReference; lastKnownFileType = sourcecode.swift; path = Constants.swift; sourceTree = "<group>"; };
		7348A45027E0039C0091D559 /* SearchView.swift */ = {isa = PBXFileReference; lastKnownFileType = sourcecode.swift; path = SearchView.swift; sourceTree = "<group>"; };
		7348A45227E021110091D559 /* SearcherCitiesViewModel.swift */ = {isa = PBXFileReference; lastKnownFileType = sourcecode.swift; path = SearcherCitiesViewModel.swift; sourceTree = "<group>"; };
		7348A45427E036D90091D559 /* CitiesCell.swift */ = {isa = PBXFileReference; lastKnownFileType = sourcecode.swift; path = CitiesCell.swift; sourceTree = "<group>"; };
		7348A45627E0BCA70091D559 /* CityDetailsViewController.swift */ = {isa = PBXFileReference; lastKnownFileType = sourcecode.swift; path = CityDetailsViewController.swift; sourceTree = "<group>"; };
		7348A45B27E0DE540091D559 /* ShowCityDeatilsEntity.swift */ = {isa = PBXFileReference; lastKnownFileType = sourcecode.swift; path = ShowCityDeatilsEntity.swift; sourceTree = "<group>"; };
		7348A45F27E121AF0091D559 /* DetailsCell.swift */ = {isa = PBXFileReference; lastKnownFileType = sourcecode.swift; path = DetailsCell.swift; sourceTree = "<group>"; };
		7348A46127E13CC60091D559 /* SaveFavoritesUseCase.swift */ = {isa = PBXFileReference; lastKnownFileType = sourcecode.swift; path = SaveFavoritesUseCase.swift; sourceTree = "<group>"; };
		7348A46327E13D900091D559 /* UserDefaultsRepository.swift */ = {isa = PBXFileReference; lastKnownFileType = sourcecode.swift; path = UserDefaultsRepository.swift; sourceTree = "<group>"; };
		7348A46527E13DB70091D559 /* UserDefaultsRepositoryProtocol.swift */ = {isa = PBXFileReference; lastKnownFileType = sourcecode.swift; path = UserDefaultsRepositoryProtocol.swift; sourceTree = "<group>"; };
		7348A46727E13F310091D559 /* DeleteFavoritesUseCase.swift */ = {isa = PBXFileReference; lastKnownFileType = sourcecode.swift; path = DeleteFavoritesUseCase.swift; sourceTree = "<group>"; };
		7348A46927E13FB60091D559 /* GetFavoritesUseCase.swift */ = {isa = PBXFileReference; lastKnownFileType = sourcecode.swift; path = GetFavoritesUseCase.swift; sourceTree = "<group>"; };
		C8F53E1A21051A6E6A70921E /* Pods_WeatherSearcher.framework */ = {isa = PBXFileReference; explicitFileType = wrapper.framework; includeInIndex = 0; path = Pods_WeatherSearcher.framework; sourceTree = BUILT_PRODUCTS_DIR; };
		E4084FEF5F4940CB3E8EE219 /* Pods-WeatherSearcher-WeatherSearcherUITests.release.xcconfig */ = {isa = PBXFileReference; includeInIndex = 1; lastKnownFileType = text.xcconfig; name = "Pods-WeatherSearcher-WeatherSearcherUITests.release.xcconfig"; path = "Target Support Files/Pods-WeatherSearcher-WeatherSearcherUITests/Pods-WeatherSearcher-WeatherSearcherUITests.release.xcconfig"; sourceTree = "<group>"; };
		F72AC46058F2A76637A113F0 /* Pods_WeatherSearcherTests.framework */ = {isa = PBXFileReference; explicitFileType = wrapper.framework; includeInIndex = 0; path = Pods_WeatherSearcherTests.framework; sourceTree = BUILT_PRODUCTS_DIR; };
/* End PBXFileReference section */

/* Begin PBXFrameworksBuildPhase section */
		7348A3E927DF9DC90091D559 /* Frameworks */ = {
			isa = PBXFrameworksBuildPhase;
			buildActionMask = 2147483647;
			files = (
				F295224FAC3289F34373A26F /* Pods_WeatherSearcher.framework in Frameworks */,
			);
			runOnlyForDeploymentPostprocessing = 0;
		};
		7348A3FF27DF9DD10091D559 /* Frameworks */ = {
			isa = PBXFrameworksBuildPhase;
			buildActionMask = 2147483647;
			files = (
				0EEB495B2DEF54BEE5209240 /* Pods_WeatherSearcherTests.framework in Frameworks */,
			);
			runOnlyForDeploymentPostprocessing = 0;
		};
		7348A40927DF9DD10091D559 /* Frameworks */ = {
			isa = PBXFrameworksBuildPhase;
			buildActionMask = 2147483647;
			files = (
				BAC2C525687E99F9F2B6876C /* Pods_WeatherSearcher_WeatherSearcherUITests.framework in Frameworks */,
			);
			runOnlyForDeploymentPostprocessing = 0;
		};
/* End PBXFrameworksBuildPhase section */

/* Begin PBXGroup section */
		15F94569403492655D8892BF /* Pods */ = {
			isa = PBXGroup;
			children = (
				5AACFF17BEC24FC893AD82B2 /* Pods-WeatherSearcher.debug.xcconfig */,
				6C0639C7EEC017077FDB6ACF /* Pods-WeatherSearcher.release.xcconfig */,
				4D95084CB471EE921D96291E /* Pods-WeatherSearcher-WeatherSearcherUITests.debug.xcconfig */,
				E4084FEF5F4940CB3E8EE219 /* Pods-WeatherSearcher-WeatherSearcherUITests.release.xcconfig */,
				3F7B91C5B339C554BFB3EA4B /* Pods-WeatherSearcherTests.debug.xcconfig */,
				3AED4FBC7D6423D0F147AC21 /* Pods-WeatherSearcherTests.release.xcconfig */,
			);
			path = Pods;
			sourceTree = "<group>";
		};
		455E7901DD48576959AAA301 /* Frameworks */ = {
			isa = PBXGroup;
			children = (
				C8F53E1A21051A6E6A70921E /* Pods_WeatherSearcher.framework */,
				024330BB7AE35958746E3EFB /* Pods_WeatherSearcher_WeatherSearcherUITests.framework */,
				F72AC46058F2A76637A113F0 /* Pods_WeatherSearcherTests.framework */,
			);
			name = Frameworks;
			sourceTree = "<group>";
		};
		7348A3E327DF9DC90091D559 = {
			isa = PBXGroup;
			children = (
				7348A3EE27DF9DC90091D559 /* WeatherSearcher */,
				7348A40527DF9DD10091D559 /* WeatherSearcherTests */,
				7348A40F27DF9DD10091D559 /* WeatherSearcherUITests */,
				7348A3ED27DF9DC90091D559 /* Products */,
				15F94569403492655D8892BF /* Pods */,
				455E7901DD48576959AAA301 /* Frameworks */,
			);
			sourceTree = "<group>";
		};
		7348A3ED27DF9DC90091D559 /* Products */ = {
			isa = PBXGroup;
			children = (
				7348A3EC27DF9DC90091D559 /* WeatherSearcher.app */,
				7348A40227DF9DD10091D559 /* WeatherSearcherTests.xctest */,
				7348A40C27DF9DD10091D559 /* WeatherSearcherUITests.xctest */,
			);
			name = Products;
			sourceTree = "<group>";
		};
		7348A3EE27DF9DC90091D559 /* WeatherSearcher */ = {
			isa = PBXGroup;
			children = (
				7348A44727DFED870091D559 /* Application */,
				7348A42627DFA27D0091D559 /* Data */,
				7348A42327DFA2220091D559 /* Presentation */,
				7348A41F27DFA1DE0091D559 /* Domain */,
				7348A3FD27DF9DD00091D559 /* Info.plist */,
			);
			path = WeatherSearcher;
			sourceTree = "<group>";
		};
		7348A40527DF9DD10091D559 /* WeatherSearcherTests */ = {
			isa = PBXGroup;
			children = (
				7348A40627DF9DD10091D559 /* WeatherSearcherTests.swift */,
			);
			path = WeatherSearcherTests;
			sourceTree = "<group>";
		};
		7348A40F27DF9DD10091D559 /* WeatherSearcherUITests */ = {
			isa = PBXGroup;
			children = (
				7348A41027DF9DD10091D559 /* WeatherSearcherUITests.swift */,
				7348A41227DF9DD10091D559 /* WeatherSearcherUITestsLaunchTests.swift */,
			);
			path = WeatherSearcherUITests;
			sourceTree = "<group>";
		};
		7348A41F27DFA1DE0091D559 /* Domain */ = {
			isa = PBXGroup;
			children = (
				7348A42227DFA20F0091D559 /* RepositoryInterface */,
				7348A42127DFA1FF0091D559 /* UseCases */,
				7348A42027DFA1F80091D559 /* Entities */,
			);
			path = Domain;
			sourceTree = "<group>";
		};
		7348A42027DFA1F80091D559 /* Entities */ = {
			isa = PBXGroup;
			children = (
				7348A42B27DFB2490091D559 /* CitiesEntity.swift */,
				7348A42D27DFB2950091D559 /* CityEntity.swift */,
				7348A43927DFD77C0091D559 /* CityDetailsEntity.swift */,
				7348A45B27E0DE540091D559 /* ShowCityDeatilsEntity.swift */,
			);
			path = Entities;
			sourceTree = "<group>";
		};
		7348A42127DFA1FF0091D559 /* UseCases */ = {
			isa = PBXGroup;
			children = (
				7348A44327DFEA8D0091D559 /* SearchCityUseCase.swift */,
				7348A44A27DFEF8A0091D559 /* GetCityDetailsUseCase.swift */,
				7348A46127E13CC60091D559 /* SaveFavoritesUseCase.swift */,
				7348A46727E13F310091D559 /* DeleteFavoritesUseCase.swift */,
				7348A46927E13FB60091D559 /* GetFavoritesUseCase.swift */,
			);
			path = UseCases;
			sourceTree = "<group>";
		};
		7348A42227DFA20F0091D559 /* RepositoryInterface */ = {
			isa = PBXGroup;
			children = (
				7348A44527DFEC060091D559 /* CitiesRepositoryProtocol.swift */,
				7348A46527E13DB70091D559 /* UserDefaultsRepositoryProtocol.swift */,
			);
			path = RepositoryInterface;
			sourceTree = "<group>";
		};
		7348A42327DFA2220091D559 /* Presentation */ = {
			isa = PBXGroup;
			children = (
				7348A3F827DF9DD00091D559 /* Assets.xcassets */,
				7348A3FA27DF9DD00091D559 /* LaunchScreen.storyboard */,
				7348A3EF27DF9DC90091D559 /* AppDelegate.swift */,
				7348A42527DFA2300091D559 /* ViewModel */,
				7348A42427DFA2290091D559 /* View */,
			);
			path = Presentation;
			sourceTree = "<group>";
		};
		7348A42427DFA2290091D559 /* View */ = {
			isa = PBXGroup;
			children = (
				7348A3F327DF9DC90091D559 /* SearcherCitiesViewController.swift */,
				7348A45027E0039C0091D559 /* SearchView.swift */,
				7348A45427E036D90091D559 /* CitiesCell.swift */,
				7348A45627E0BCA70091D559 /* CityDetailsViewController.swift */,
				7348A45F27E121AF0091D559 /* DetailsCell.swift */,
			);
			path = View;
			sourceTree = "<group>";
		};
		7348A42527DFA2300091D559 /* ViewModel */ = {
			isa = PBXGroup;
			children = (
				7348A45227E021110091D559 /* SearcherCitiesViewModel.swift */,
			);
			path = ViewModel;
			sourceTree = "<group>";
		};
		7348A42627DFA27D0091D559 /* Data */ = {
			isa = PBXGroup;
			children = (
				7348A42827DFA2870091D559 /* Repository */,
				7348A42727DFA2820091D559 /* DTO */,
			);
			path = Data;
			sourceTree = "<group>";
		};
		7348A42727DFA2820091D559 /* DTO */ = {
			isa = PBXGroup;
			children = (
				7348A43527DFCBA50091D559 /* CityDTO.swift */,
				7348A43B27DFDA8C0091D559 /* CityDetailsDTO.swift */,
				7348A43F27DFDD540091D559 /* ConsolidatedWeatherDTO.swift */,
			);
			path = DTO;
			sourceTree = "<group>";
		};
		7348A42827DFA2870091D559 /* Repository */ = {
			isa = PBXGroup;
			children = (
				7348A42927DFA50C0091D559 /* WeatherRepository.swift */,
				7348A46327E13D900091D559 /* UserDefaultsRepository.swift */,
			);
			path = Repository;
			sourceTree = "<group>";
		};
		7348A44727DFED870091D559 /* Application */ = {
			isa = PBXGroup;
			children = (
				7348A44827DFEDA80091D559 /* ResolverExtension.swift */,
				7348A44C27DFF8E70091D559 /* Constants.swift */,
			);
			path = Application;
			sourceTree = "<group>";
		};
/* End PBXGroup section */

/* Begin PBXNativeTarget section */
		7348A3EB27DF9DC90091D559 /* WeatherSearcher */ = {
			isa = PBXNativeTarget;
			buildConfigurationList = 7348A41627DF9DD10091D559 /* Build configuration list for PBXNativeTarget "WeatherSearcher" */;
			buildPhases = (
				3BBFF970D06D6C275379B651 /* [CP] Check Pods Manifest.lock */,
				7348A3E827DF9DC90091D559 /* Sources */,
				7348A3E927DF9DC90091D559 /* Frameworks */,
				7348A3EA27DF9DC90091D559 /* Resources */,
				3A50858DD940254DECB2F3D0 /* [CP] Embed Pods Frameworks */,
			);
			buildRules = (
			);
			dependencies = (
			);
			name = WeatherSearcher;
			productName = WeatherSearcher;
			productReference = 7348A3EC27DF9DC90091D559 /* WeatherSearcher.app */;
			productType = "com.apple.product-type.application";
		};
		7348A40127DF9DD10091D559 /* WeatherSearcherTests */ = {
			isa = PBXNativeTarget;
			buildConfigurationList = 7348A41927DF9DD10091D559 /* Build configuration list for PBXNativeTarget "WeatherSearcherTests" */;
			buildPhases = (
				0951A056E96D5193CE95EACC /* [CP] Check Pods Manifest.lock */,
				7348A3FE27DF9DD10091D559 /* Sources */,
				7348A3FF27DF9DD10091D559 /* Frameworks */,
				7348A40027DF9DD10091D559 /* Resources */,
			);
			buildRules = (
			);
			dependencies = (
				7348A40427DF9DD10091D559 /* PBXTargetDependency */,
			);
			name = WeatherSearcherTests;
			productName = WeatherSearcherTests;
			productReference = 7348A40227DF9DD10091D559 /* WeatherSearcherTests.xctest */;
			productType = "com.apple.product-type.bundle.unit-test";
		};
		7348A40B27DF9DD10091D559 /* WeatherSearcherUITests */ = {
			isa = PBXNativeTarget;
			buildConfigurationList = 7348A41C27DF9DD10091D559 /* Build configuration list for PBXNativeTarget "WeatherSearcherUITests" */;
			buildPhases = (
				EBBAE6045F93D5E021778176 /* [CP] Check Pods Manifest.lock */,
				7348A40827DF9DD10091D559 /* Sources */,
				7348A40927DF9DD10091D559 /* Frameworks */,
				7348A40A27DF9DD10091D559 /* Resources */,
				608BA2F3C2FBC9C2178A8D15 /* [CP] Embed Pods Frameworks */,
			);
			buildRules = (
			);
			dependencies = (
				7348A40E27DF9DD10091D559 /* PBXTargetDependency */,
			);
			name = WeatherSearcherUITests;
			productName = WeatherSearcherUITests;
			productReference = 7348A40C27DF9DD10091D559 /* WeatherSearcherUITests.xctest */;
			productType = "com.apple.product-type.bundle.ui-testing";
		};
/* End PBXNativeTarget section */

/* Begin PBXProject section */
		7348A3E427DF9DC90091D559 /* Project object */ = {
			isa = PBXProject;
			attributes = {
				BuildIndependentTargetsInParallel = 1;
				LastSwiftUpdateCheck = 1310;
				LastUpgradeCheck = 1310;
				TargetAttributes = {
					7348A3EB27DF9DC90091D559 = {
						CreatedOnToolsVersion = 13.1;
					};
					7348A40127DF9DD10091D559 = {
						CreatedOnToolsVersion = 13.1;
						TestTargetID = 7348A3EB27DF9DC90091D559;
					};
					7348A40B27DF9DD10091D559 = {
						CreatedOnToolsVersion = 13.1;
						TestTargetID = 7348A3EB27DF9DC90091D559;
					};
				};
			};
			buildConfigurationList = 7348A3E727DF9DC90091D559 /* Build configuration list for PBXProject "WeatherSearcher" */;
			compatibilityVersion = "Xcode 13.0";
			developmentRegion = en;
			hasScannedForEncodings = 0;
			knownRegions = (
				en,
				Base,
			);
			mainGroup = 7348A3E327DF9DC90091D559;
			productRefGroup = 7348A3ED27DF9DC90091D559 /* Products */;
			projectDirPath = "";
			projectRoot = "";
			targets = (
				7348A3EB27DF9DC90091D559 /* WeatherSearcher */,
				7348A40127DF9DD10091D559 /* WeatherSearcherTests */,
				7348A40B27DF9DD10091D559 /* WeatherSearcherUITests */,
			);
		};
/* End PBXProject section */

/* Begin PBXResourcesBuildPhase section */
		7348A3EA27DF9DC90091D559 /* Resources */ = {
			isa = PBXResourcesBuildPhase;
			buildActionMask = 2147483647;
			files = (
				7348A3FC27DF9DD00091D559 /* LaunchScreen.storyboard in Resources */,
				7348A3F927DF9DD00091D559 /* Assets.xcassets in Resources */,
			);
			runOnlyForDeploymentPostprocessing = 0;
		};
		7348A40027DF9DD10091D559 /* Resources */ = {
			isa = PBXResourcesBuildPhase;
			buildActionMask = 2147483647;
			files = (
			);
			runOnlyForDeploymentPostprocessing = 0;
		};
		7348A40A27DF9DD10091D559 /* Resources */ = {
			isa = PBXResourcesBuildPhase;
			buildActionMask = 2147483647;
			files = (
			);
			runOnlyForDeploymentPostprocessing = 0;
		};
/* End PBXResourcesBuildPhase section */

/* Begin PBXShellScriptBuildPhase section */
		0951A056E96D5193CE95EACC /* [CP] Check Pods Manifest.lock */ = {
			isa = PBXShellScriptBuildPhase;
			buildActionMask = 2147483647;
			files = (
			);
			inputFileListPaths = (
			);
			inputPaths = (
				"${PODS_PODFILE_DIR_PATH}/Podfile.lock",
				"${PODS_ROOT}/Manifest.lock",
			);
			name = "[CP] Check Pods Manifest.lock";
			outputFileListPaths = (
			);
			outputPaths = (
				"$(DERIVED_FILE_DIR)/Pods-WeatherSearcherTests-checkManifestLockResult.txt",
			);
			runOnlyForDeploymentPostprocessing = 0;
			shellPath = /bin/sh;
			shellScript = "diff \"${PODS_PODFILE_DIR_PATH}/Podfile.lock\" \"${PODS_ROOT}/Manifest.lock\" > /dev/null\nif [ $? != 0 ] ; then\n    # print error to STDERR\n    echo \"error: The sandbox is not in sync with the Podfile.lock. Run 'pod install' or update your CocoaPods installation.\" >&2\n    exit 1\nfi\n# This output is used by Xcode 'outputs' to avoid re-running this script phase.\necho \"SUCCESS\" > \"${SCRIPT_OUTPUT_FILE_0}\"\n";
			showEnvVarsInLog = 0;
		};
		3A50858DD940254DECB2F3D0 /* [CP] Embed Pods Frameworks */ = {
			isa = PBXShellScriptBuildPhase;
			buildActionMask = 2147483647;
			files = (
			);
			inputFileListPaths = (
				"${PODS_ROOT}/Target Support Files/Pods-WeatherSearcher/Pods-WeatherSearcher-frameworks-${CONFIGURATION}-input-files.xcfilelist",
			);
			name = "[CP] Embed Pods Frameworks";
			outputFileListPaths = (
				"${PODS_ROOT}/Target Support Files/Pods-WeatherSearcher/Pods-WeatherSearcher-frameworks-${CONFIGURATION}-output-files.xcfilelist",
			);
			runOnlyForDeploymentPostprocessing = 0;
			shellPath = /bin/sh;
			shellScript = "\"${PODS_ROOT}/Target Support Files/Pods-WeatherSearcher/Pods-WeatherSearcher-frameworks.sh\"\n";
			showEnvVarsInLog = 0;
		};
		3BBFF970D06D6C275379B651 /* [CP] Check Pods Manifest.lock */ = {
			isa = PBXShellScriptBuildPhase;
			buildActionMask = 2147483647;
			files = (
			);
			inputFileListPaths = (
			);
			inputPaths = (
				"${PODS_PODFILE_DIR_PATH}/Podfile.lock",
				"${PODS_ROOT}/Manifest.lock",
			);
			name = "[CP] Check Pods Manifest.lock";
			outputFileListPaths = (
			);
			outputPaths = (
				"$(DERIVED_FILE_DIR)/Pods-WeatherSearcher-checkManifestLockResult.txt",
			);
			runOnlyForDeploymentPostprocessing = 0;
			shellPath = /bin/sh;
			shellScript = "diff \"${PODS_PODFILE_DIR_PATH}/Podfile.lock\" \"${PODS_ROOT}/Manifest.lock\" > /dev/null\nif [ $? != 0 ] ; then\n    # print error to STDERR\n    echo \"error: The sandbox is not in sync with the Podfile.lock. Run 'pod install' or update your CocoaPods installation.\" >&2\n    exit 1\nfi\n# This output is used by Xcode 'outputs' to avoid re-running this script phase.\necho \"SUCCESS\" > \"${SCRIPT_OUTPUT_FILE_0}\"\n";
			showEnvVarsInLog = 0;
		};
		608BA2F3C2FBC9C2178A8D15 /* [CP] Embed Pods Frameworks */ = {
			isa = PBXShellScriptBuildPhase;
			buildActionMask = 2147483647;
			files = (
			);
			inputFileListPaths = (
				"${PODS_ROOT}/Target Support Files/Pods-WeatherSearcher-WeatherSearcherUITests/Pods-WeatherSearcher-WeatherSearcherUITests-frameworks-${CONFIGURATION}-input-files.xcfilelist",
			);
			name = "[CP] Embed Pods Frameworks";
			outputFileListPaths = (
				"${PODS_ROOT}/Target Support Files/Pods-WeatherSearcher-WeatherSearcherUITests/Pods-WeatherSearcher-WeatherSearcherUITests-frameworks-${CONFIGURATION}-output-files.xcfilelist",
			);
			runOnlyForDeploymentPostprocessing = 0;
			shellPath = /bin/sh;
			shellScript = "\"${PODS_ROOT}/Target Support Files/Pods-WeatherSearcher-WeatherSearcherUITests/Pods-WeatherSearcher-WeatherSearcherUITests-frameworks.sh\"\n";
			showEnvVarsInLog = 0;
		};
		EBBAE6045F93D5E021778176 /* [CP] Check Pods Manifest.lock */ = {
			isa = PBXShellScriptBuildPhase;
			buildActionMask = 2147483647;
			files = (
			);
			inputFileListPaths = (
			);
			inputPaths = (
				"${PODS_PODFILE_DIR_PATH}/Podfile.lock",
				"${PODS_ROOT}/Manifest.lock",
			);
			name = "[CP] Check Pods Manifest.lock";
			outputFileListPaths = (
			);
			outputPaths = (
				"$(DERIVED_FILE_DIR)/Pods-WeatherSearcher-WeatherSearcherUITests-checkManifestLockResult.txt",
			);
			runOnlyForDeploymentPostprocessing = 0;
			shellPath = /bin/sh;
			shellScript = "diff \"${PODS_PODFILE_DIR_PATH}/Podfile.lock\" \"${PODS_ROOT}/Manifest.lock\" > /dev/null\nif [ $? != 0 ] ; then\n    # print error to STDERR\n    echo \"error: The sandbox is not in sync with the Podfile.lock. Run 'pod install' or update your CocoaPods installation.\" >&2\n    exit 1\nfi\n# This output is used by Xcode 'outputs' to avoid re-running this script phase.\necho \"SUCCESS\" > \"${SCRIPT_OUTPUT_FILE_0}\"\n";
			showEnvVarsInLog = 0;
		};
/* End PBXShellScriptBuildPhase section */

/* Begin PBXSourcesBuildPhase section */
		7348A3E827DF9DC90091D559 /* Sources */ = {
			isa = PBXSourcesBuildPhase;
			buildActionMask = 2147483647;
			files = (
				7348A46027E121AF0091D559 /* DetailsCell.swift in Sources */,
				7348A45727E0BCA70091D559 /* CityDetailsViewController.swift in Sources */,
				7348A42A27DFA50C0091D559 /* WeatherRepository.swift in Sources */,
				7348A44927DFEDA80091D559 /* ResolverExtension.swift in Sources */,
				7348A45327E021110091D559 /* SearcherCitiesViewModel.swift in Sources */,
				7348A44B27DFEF8A0091D559 /* GetCityDetailsUseCase.swift in Sources */,
				7348A44D27DFF8E70091D559 /* Constants.swift in Sources */,
				7348A42E27DFB2950091D559 /* CityEntity.swift in Sources */,
				7348A3F427DF9DC90091D559 /* SearcherCitiesViewController.swift in Sources */,
				7348A46A27E13FB60091D559 /* GetFavoritesUseCase.swift in Sources */,
				7348A46227E13CC60091D559 /* SaveFavoritesUseCase.swift in Sources */,
				7348A45527E036D90091D559 /* CitiesCell.swift in Sources */,
				7348A43A27DFD77C0091D559 /* CityDetailsEntity.swift in Sources */,
				7348A45C27E0DE540091D559 /* ShowCityDeatilsEntity.swift in Sources */,
				7348A44427DFEA8D0091D559 /* SearchCityUseCase.swift in Sources */,
				7348A43627DFCBA50091D559 /* CityDTO.swift in Sources */,
				7348A46827E13F310091D559 /* DeleteFavoritesUseCase.swift in Sources */,
				7348A46627E13DB70091D559 /* UserDefaultsRepositoryProtocol.swift in Sources */,
				7348A43C27DFDA8C0091D559 /* CityDetailsDTO.swift in Sources */,
				7348A45127E0039C0091D559 /* SearchView.swift in Sources */,
				7348A44027DFDD540091D559 /* ConsolidatedWeatherDTO.swift in Sources */,
				7348A44627DFEC060091D559 /* CitiesRepositoryProtocol.swift in Sources */,
				7348A3F027DF9DC90091D559 /* AppDelegate.swift in Sources */,
				7348A46427E13D900091D559 /* UserDefaultsRepository.swift in Sources */,
				7348A42C27DFB2490091D559 /* CitiesEntity.swift in Sources */,
			);
			runOnlyForDeploymentPostprocessing = 0;
		};
		7348A3FE27DF9DD10091D559 /* Sources */ = {
			isa = PBXSourcesBuildPhase;
			buildActionMask = 2147483647;
			files = (
				7348A40727DF9DD10091D559 /* WeatherSearcherTests.swift in Sources */,
			);
			runOnlyForDeploymentPostprocessing = 0;
		};
		7348A40827DF9DD10091D559 /* Sources */ = {
			isa = PBXSourcesBuildPhase;
			buildActionMask = 2147483647;
			files = (
				7348A41327DF9DD10091D559 /* WeatherSearcherUITestsLaunchTests.swift in Sources */,
				7348A41127DF9DD10091D559 /* WeatherSearcherUITests.swift in Sources */,
			);
			runOnlyForDeploymentPostprocessing = 0;
		};
/* End PBXSourcesBuildPhase section */

/* Begin PBXTargetDependency section */
		7348A40427DF9DD10091D559 /* PBXTargetDependency */ = {
			isa = PBXTargetDependency;
			target = 7348A3EB27DF9DC90091D559 /* WeatherSearcher */;
			targetProxy = 7348A40327DF9DD10091D559 /* PBXContainerItemProxy */;
		};
		7348A40E27DF9DD10091D559 /* PBXTargetDependency */ = {
			isa = PBXTargetDependency;
			target = 7348A3EB27DF9DC90091D559 /* WeatherSearcher */;
			targetProxy = 7348A40D27DF9DD10091D559 /* PBXContainerItemProxy */;
		};
/* End PBXTargetDependency section */

/* Begin PBXVariantGroup section */
		7348A3FA27DF9DD00091D559 /* LaunchScreen.storyboard */ = {
			isa = PBXVariantGroup;
			children = (
				7348A3FB27DF9DD00091D559 /* Base */,
			);
			name = LaunchScreen.storyboard;
			sourceTree = "<group>";
		};
/* End PBXVariantGroup section */

/* Begin XCBuildConfiguration section */
		7348A41427DF9DD10091D559 /* Debug */ = {
			isa = XCBuildConfiguration;
			buildSettings = {
				ALWAYS_SEARCH_USER_PATHS = NO;
				CLANG_ANALYZER_NONNULL = YES;
				CLANG_ANALYZER_NUMBER_OBJECT_CONVERSION = YES_AGGRESSIVE;
				CLANG_CXX_LANGUAGE_STANDARD = "gnu++17";
				CLANG_CXX_LIBRARY = "libc++";
				CLANG_ENABLE_MODULES = YES;
				CLANG_ENABLE_OBJC_ARC = YES;
				CLANG_ENABLE_OBJC_WEAK = YES;
				CLANG_WARN_BLOCK_CAPTURE_AUTORELEASING = YES;
				CLANG_WARN_BOOL_CONVERSION = YES;
				CLANG_WARN_COMMA = YES;
				CLANG_WARN_CONSTANT_CONVERSION = YES;
				CLANG_WARN_DEPRECATED_OBJC_IMPLEMENTATIONS = YES;
				CLANG_WARN_DIRECT_OBJC_ISA_USAGE = YES_ERROR;
				CLANG_WARN_DOCUMENTATION_COMMENTS = YES;
				CLANG_WARN_EMPTY_BODY = YES;
				CLANG_WARN_ENUM_CONVERSION = YES;
				CLANG_WARN_INFINITE_RECURSION = YES;
				CLANG_WARN_INT_CONVERSION = YES;
				CLANG_WARN_NON_LITERAL_NULL_CONVERSION = YES;
				CLANG_WARN_OBJC_IMPLICIT_RETAIN_SELF = YES;
				CLANG_WARN_OBJC_LITERAL_CONVERSION = YES;
				CLANG_WARN_OBJC_ROOT_CLASS = YES_ERROR;
				CLANG_WARN_QUOTED_INCLUDE_IN_FRAMEWORK_HEADER = YES;
				CLANG_WARN_RANGE_LOOP_ANALYSIS = YES;
				CLANG_WARN_STRICT_PROTOTYPES = YES;
				CLANG_WARN_SUSPICIOUS_MOVE = YES;
				CLANG_WARN_UNGUARDED_AVAILABILITY = YES_AGGRESSIVE;
				CLANG_WARN_UNREACHABLE_CODE = YES;
				CLANG_WARN__DUPLICATE_METHOD_MATCH = YES;
				COPY_PHASE_STRIP = NO;
				DEBUG_INFORMATION_FORMAT = dwarf;
				ENABLE_STRICT_OBJC_MSGSEND = YES;
				ENABLE_TESTABILITY = YES;
				GCC_C_LANGUAGE_STANDARD = gnu11;
				GCC_DYNAMIC_NO_PIC = NO;
				GCC_NO_COMMON_BLOCKS = YES;
				GCC_OPTIMIZATION_LEVEL = 0;
				GCC_PREPROCESSOR_DEFINITIONS = (
					"DEBUG=1",
					"$(inherited)",
				);
				GCC_WARN_64_TO_32_BIT_CONVERSION = YES;
				GCC_WARN_ABOUT_RETURN_TYPE = YES_ERROR;
				GCC_WARN_UNDECLARED_SELECTOR = YES;
				GCC_WARN_UNINITIALIZED_AUTOS = YES_AGGRESSIVE;
				GCC_WARN_UNUSED_FUNCTION = YES;
				GCC_WARN_UNUSED_VARIABLE = YES;
				IPHONEOS_DEPLOYMENT_TARGET = 15.0;
				MTL_ENABLE_DEBUG_INFO = INCLUDE_SOURCE;
				MTL_FAST_MATH = YES;
				ONLY_ACTIVE_ARCH = YES;
				SDKROOT = iphoneos;
				SWIFT_ACTIVE_COMPILATION_CONDITIONS = DEBUG;
				SWIFT_OPTIMIZATION_LEVEL = "-Onone";
			};
			name = Debug;
		};
		7348A41527DF9DD10091D559 /* Release */ = {
			isa = XCBuildConfiguration;
			buildSettings = {
				ALWAYS_SEARCH_USER_PATHS = NO;
				CLANG_ANALYZER_NONNULL = YES;
				CLANG_ANALYZER_NUMBER_OBJECT_CONVERSION = YES_AGGRESSIVE;
				CLANG_CXX_LANGUAGE_STANDARD = "gnu++17";
				CLANG_CXX_LIBRARY = "libc++";
				CLANG_ENABLE_MODULES = YES;
				CLANG_ENABLE_OBJC_ARC = YES;
				CLANG_ENABLE_OBJC_WEAK = YES;
				CLANG_WARN_BLOCK_CAPTURE_AUTORELEASING = YES;
				CLANG_WARN_BOOL_CONVERSION = YES;
				CLANG_WARN_COMMA = YES;
				CLANG_WARN_CONSTANT_CONVERSION = YES;
				CLANG_WARN_DEPRECATED_OBJC_IMPLEMENTATIONS = YES;
				CLANG_WARN_DIRECT_OBJC_ISA_USAGE = YES_ERROR;
				CLANG_WARN_DOCUMENTATION_COMMENTS = YES;
				CLANG_WARN_EMPTY_BODY = YES;
				CLANG_WARN_ENUM_CONVERSION = YES;
				CLANG_WARN_INFINITE_RECURSION = YES;
				CLANG_WARN_INT_CONVERSION = YES;
				CLANG_WARN_NON_LITERAL_NULL_CONVERSION = YES;
				CLANG_WARN_OBJC_IMPLICIT_RETAIN_SELF = YES;
				CLANG_WARN_OBJC_LITERAL_CONVERSION = YES;
				CLANG_WARN_OBJC_ROOT_CLASS = YES_ERROR;
				CLANG_WARN_QUOTED_INCLUDE_IN_FRAMEWORK_HEADER = YES;
				CLANG_WARN_RANGE_LOOP_ANALYSIS = YES;
				CLANG_WARN_STRICT_PROTOTYPES = YES;
				CLANG_WARN_SUSPICIOUS_MOVE = YES;
				CLANG_WARN_UNGUARDED_AVAILABILITY = YES_AGGRESSIVE;
				CLANG_WARN_UNREACHABLE_CODE = YES;
				CLANG_WARN__DUPLICATE_METHOD_MATCH = YES;
				COPY_PHASE_STRIP = NO;
				DEBUG_INFORMATION_FORMAT = "dwarf-with-dsym";
				ENABLE_NS_ASSERTIONS = NO;
				ENABLE_STRICT_OBJC_MSGSEND = YES;
				GCC_C_LANGUAGE_STANDARD = gnu11;
				GCC_NO_COMMON_BLOCKS = YES;
				GCC_WARN_64_TO_32_BIT_CONVERSION = YES;
				GCC_WARN_ABOUT_RETURN_TYPE = YES_ERROR;
				GCC_WARN_UNDECLARED_SELECTOR = YES;
				GCC_WARN_UNINITIALIZED_AUTOS = YES_AGGRESSIVE;
				GCC_WARN_UNUSED_FUNCTION = YES;
				GCC_WARN_UNUSED_VARIABLE = YES;
				IPHONEOS_DEPLOYMENT_TARGET = 15.0;
				MTL_ENABLE_DEBUG_INFO = NO;
				MTL_FAST_MATH = YES;
				SDKROOT = iphoneos;
				SWIFT_COMPILATION_MODE = wholemodule;
				SWIFT_OPTIMIZATION_LEVEL = "-O";
				VALIDATE_PRODUCT = YES;
			};
			name = Release;
		};
		7348A41727DF9DD10091D559 /* Debug */ = {
			isa = XCBuildConfiguration;
			baseConfigurationReference = 5AACFF17BEC24FC893AD82B2 /* Pods-WeatherSearcher.debug.xcconfig */;
			buildSettings = {
				ASSETCATALOG_COMPILER_APPICON_NAME = AppIcon;
				ASSETCATALOG_COMPILER_GLOBAL_ACCENT_COLOR_NAME = AccentColor;
				CODE_SIGN_STYLE = Automatic;
				CURRENT_PROJECT_VERSION = 1;
				DEVELOPMENT_TEAM = 9MUNMT98RZ;
				GENERATE_INFOPLIST_FILE = YES;
				INFOPLIST_FILE = WeatherSearcher/Info.plist;
				INFOPLIST_KEY_UIApplicationSupportsIndirectInputEvents = YES;
				INFOPLIST_KEY_UILaunchStoryboardName = LaunchScreen;
				INFOPLIST_KEY_UIMainStoryboardFile = "";
				INFOPLIST_KEY_UISupportedInterfaceOrientations_iPad = "UIInterfaceOrientationPortrait UIInterfaceOrientationPortraitUpsideDown UIInterfaceOrientationLandscapeLeft UIInterfaceOrientationLandscapeRight";
				INFOPLIST_KEY_UISupportedInterfaceOrientations_iPhone = "UIInterfaceOrientationPortrait UIInterfaceOrientationLandscapeLeft UIInterfaceOrientationLandscapeRight";
				LD_RUNPATH_SEARCH_PATHS = (
					"$(inherited)",
					"@executable_path/Frameworks",
				);
				MARKETING_VERSION = 1.0;
				PRODUCT_BUNDLE_IDENTIFIER = aleTutos.WeatherSearcher;
				PRODUCT_NAME = "$(TARGET_NAME)";
				SWIFT_EMIT_LOC_STRINGS = YES;
				SWIFT_VERSION = 5.0;
				TARGETED_DEVICE_FAMILY = "1,2";
			};
			name = Debug;
		};
		7348A41827DF9DD10091D559 /* Release */ = {
			isa = XCBuildConfiguration;
			baseConfigurationReference = 6C0639C7EEC017077FDB6ACF /* Pods-WeatherSearcher.release.xcconfig */;
			buildSettings = {
				ASSETCATALOG_COMPILER_APPICON_NAME = AppIcon;
				ASSETCATALOG_COMPILER_GLOBAL_ACCENT_COLOR_NAME = AccentColor;
				CODE_SIGN_STYLE = Automatic;
				CURRENT_PROJECT_VERSION = 1;
				DEVELOPMENT_TEAM = 9MUNMT98RZ;
				GENERATE_INFOPLIST_FILE = YES;
				INFOPLIST_FILE = WeatherSearcher/Info.plist;
				INFOPLIST_KEY_UIApplicationSupportsIndirectInputEvents = YES;
				INFOPLIST_KEY_UILaunchStoryboardName = LaunchScreen;
				INFOPLIST_KEY_UIMainStoryboardFile = "";
				INFOPLIST_KEY_UISupportedInterfaceOrientations_iPad = "UIInterfaceOrientationPortrait UIInterfaceOrientationPortraitUpsideDown UIInterfaceOrientationLandscapeLeft UIInterfaceOrientationLandscapeRight";
				INFOPLIST_KEY_UISupportedInterfaceOrientations_iPhone = "UIInterfaceOrientationPortrait UIInterfaceOrientationLandscapeLeft UIInterfaceOrientationLandscapeRight";
				LD_RUNPATH_SEARCH_PATHS = (
					"$(inherited)",
					"@executable_path/Frameworks",
				);
				MARKETING_VERSION = 1.0;
				PRODUCT_BUNDLE_IDENTIFIER = aleTutos.WeatherSearcher;
				PRODUCT_NAME = "$(TARGET_NAME)";
				SWIFT_EMIT_LOC_STRINGS = YES;
				SWIFT_VERSION = 5.0;
				TARGETED_DEVICE_FAMILY = "1,2";
			};
			name = Release;
		};
		7348A41A27DF9DD10091D559 /* Debug */ = {
			isa = XCBuildConfiguration;
			baseConfigurationReference = 3F7B91C5B339C554BFB3EA4B /* Pods-WeatherSearcherTests.debug.xcconfig */;
			buildSettings = {
				ALWAYS_EMBED_SWIFT_STANDARD_LIBRARIES = YES;
				BUNDLE_LOADER = "$(TEST_HOST)";
				CODE_SIGN_STYLE = Automatic;
				CURRENT_PROJECT_VERSION = 1;
				DEVELOPMENT_TEAM = 9MUNMT98RZ;
				GENERATE_INFOPLIST_FILE = YES;
				IPHONEOS_DEPLOYMENT_TARGET = 15.0;
				LD_RUNPATH_SEARCH_PATHS = (
					"$(inherited)",
					"@executable_path/Frameworks",
					"@loader_path/Frameworks",
				);
				MARKETING_VERSION = 1.0;
				PRODUCT_BUNDLE_IDENTIFIER = aleTutos.WeatherSearcherTests;
				PRODUCT_NAME = "$(TARGET_NAME)";
				SWIFT_EMIT_LOC_STRINGS = NO;
				SWIFT_VERSION = 5.0;
				TARGETED_DEVICE_FAMILY = "1,2";
				TEST_HOST = "$(BUILT_PRODUCTS_DIR)/WeatherSearcher.app/WeatherSearcher";
			};
			name = Debug;
		};
		7348A41B27DF9DD10091D559 /* Release */ = {
			isa = XCBuildConfiguration;
			baseConfigurationReference = 3AED4FBC7D6423D0F147AC21 /* Pods-WeatherSearcherTests.release.xcconfig */;
			buildSettings = {
				ALWAYS_EMBED_SWIFT_STANDARD_LIBRARIES = YES;
				BUNDLE_LOADER = "$(TEST_HOST)";
				CODE_SIGN_STYLE = Automatic;
				CURRENT_PROJECT_VERSION = 1;
				DEVELOPMENT_TEAM = 9MUNMT98RZ;
				GENERATE_INFOPLIST_FILE = YES;
				IPHONEOS_DEPLOYMENT_TARGET = 15.0;
				LD_RUNPATH_SEARCH_PATHS = (
					"$(inherited)",
					"@executable_path/Frameworks",
					"@loader_path/Frameworks",
				);
				MARKETING_VERSION = 1.0;
				PRODUCT_BUNDLE_IDENTIFIER = aleTutos.WeatherSearcherTests;
				PRODUCT_NAME = "$(TARGET_NAME)";
				SWIFT_EMIT_LOC_STRINGS = NO;
				SWIFT_VERSION = 5.0;
				TARGETED_DEVICE_FAMILY = "1,2";
				TEST_HOST = "$(BUILT_PRODUCTS_DIR)/WeatherSearcher.app/WeatherSearcher";
			};
			name = Release;
		};
		7348A41D27DF9DD10091D559 /* Debug */ = {
			isa = XCBuildConfiguration;
			baseConfigurationReference = 4D95084CB471EE921D96291E /* Pods-WeatherSearcher-WeatherSearcherUITests.debug.xcconfig */;
			buildSettings = {
				ALWAYS_EMBED_SWIFT_STANDARD_LIBRARIES = YES;
				CODE_SIGN_STYLE = Automatic;
				CURRENT_PROJECT_VERSION = 1;
				DEVELOPMENT_TEAM = 9MUNMT98RZ;
				GENERATE_INFOPLIST_FILE = YES;
				LD_RUNPATH_SEARCH_PATHS = (
					"$(inherited)",
					"@executable_path/Frameworks",
					"@loader_path/Frameworks",
				);
				MARKETING_VERSION = 1.0;
				PRODUCT_BUNDLE_IDENTIFIER = aleTutos.WeatherSearcherUITests;
				PRODUCT_NAME = "$(TARGET_NAME)";
				SWIFT_EMIT_LOC_STRINGS = NO;
				SWIFT_VERSION = 5.0;
				TARGETED_DEVICE_FAMILY = "1,2";
				TEST_TARGET_NAME = WeatherSearcher;
			};
			name = Debug;
		};
		7348A41E27DF9DD10091D559 /* Release */ = {
			isa = XCBuildConfiguration;
			baseConfigurationReference = E4084FEF5F4940CB3E8EE219 /* Pods-WeatherSearcher-WeatherSearcherUITests.release.xcconfig */;
			buildSettings = {
				ALWAYS_EMBED_SWIFT_STANDARD_LIBRARIES = YES;
				CODE_SIGN_STYLE = Automatic;
				CURRENT_PROJECT_VERSION = 1;
				DEVELOPMENT_TEAM = 9MUNMT98RZ;
				GENERATE_INFOPLIST_FILE = YES;
				LD_RUNPATH_SEARCH_PATHS = (
					"$(inherited)",
					"@executable_path/Frameworks",
					"@loader_path/Frameworks",
				);
				MARKETING_VERSION = 1.0;
				PRODUCT_BUNDLE_IDENTIFIER = aleTutos.WeatherSearcherUITests;
				PRODUCT_NAME = "$(TARGET_NAME)";
				SWIFT_EMIT_LOC_STRINGS = NO;
				SWIFT_VERSION = 5.0;
				TARGETED_DEVICE_FAMILY = "1,2";
				TEST_TARGET_NAME = WeatherSearcher;
			};
			name = Release;
		};
/* End XCBuildConfiguration section */

/* Begin XCConfigurationList section */
		7348A3E727DF9DC90091D559 /* Build configuration list for PBXProject "WeatherSearcher" */ = {
			isa = XCConfigurationList;
			buildConfigurations = (
				7348A41427DF9DD10091D559 /* Debug */,
				7348A41527DF9DD10091D559 /* Release */,
			);
			defaultConfigurationIsVisible = 0;
			defaultConfigurationName = Release;
		};
		7348A41627DF9DD10091D559 /* Build configuration list for PBXNativeTarget "WeatherSearcher" */ = {
			isa = XCConfigurationList;
			buildConfigurations = (
				7348A41727DF9DD10091D559 /* Debug */,
				7348A41827DF9DD10091D559 /* Release */,
			);
			defaultConfigurationIsVisible = 0;
			defaultConfigurationName = Release;
		};
		7348A41927DF9DD10091D559 /* Build configuration list for PBXNativeTarget "WeatherSearcherTests" */ = {
			isa = XCConfigurationList;
			buildConfigurations = (
				7348A41A27DF9DD10091D559 /* Debug */,
				7348A41B27DF9DD10091D559 /* Release */,
			);
			defaultConfigurationIsVisible = 0;
			defaultConfigurationName = Release;
		};
		7348A41C27DF9DD10091D559 /* Build configuration list for PBXNativeTarget "WeatherSearcherUITests" */ = {
			isa = XCConfigurationList;
			buildConfigurations = (
				7348A41D27DF9DD10091D559 /* Debug */,
				7348A41E27DF9DD10091D559 /* Release */,
			);
			defaultConfigurationIsVisible = 0;
			defaultConfigurationName = Release;
		};
/* End XCConfigurationList section */
	};
	rootObject = 7348A3E427DF9DC90091D559 /* Project object */;
}
